
Microsoft Visual Studio Solution File, Format Version 12.00
# Visual Studio 15
VisualStudioVersion = 15.0.28307.1401
MinimumVisualStudioVersion = 10.0.40219.1
Project("{FAE04EC0-301F-11D3-BF4B-00C04F79EFBC}") = "SMTPSEND", "SMTPSEND\SMTPSEND.csproj", "{CAA615FA-7DC9-47BF-8F3F-1E048839BF2D}"
EndProject
Global
	GlobalSection(SolutionConfigurationPlatforms) = preSolution
		Debug|Any CPU = Debug|Any CPU
		Release|Any CPU = Release|Any CPU
	EndGlobalSection
	GlobalSection(ProjectConfigurationPlatforms) = postSolution
		{CAA615FA-7DC9-47BF-8F3F-1E048839BF2D}.Debug|Any CPU.ActiveCfg = Debug|Any CPU
		{CAA615FA-7DC9-47BF-8F3F-1E048839BF2D}.Debug|Any CPU.Build.0 = Debug|Any CPU
		{CAA615FA-7DC9-47BF-8F3F-1E048839BF2D}.Release|Any CPU.ActiveCfg = Release|Any CPU
		{CAA615FA-7DC9-47BF-8F3F-1E048839BF2D}.Release|Any CPU.Build.0 = Release|Any CPU
	EndGlobalSection
	GlobalSection(SolutionProperties) = preSolution
		HideSolutionNode = FALSE
	EndGlobalSection
	GlobalSection(ExtensibilityGlobals) = postSolution
		SolutionGuid = {2CD4A7A5-55DF-4BA1-89F2-3DB322093604}
	EndGlobalSection
EndGlobal
